// !$*UTF8*$!
{
	archiveVersion = 1;
	classes = {
	};
	objectVersion = 46;
	objects = {

/* Begin PBXBuildFile section */
		09EF01141C9DA1A700C8B87E /* main.m in Sources */ = {isa = PBXBuildFile; fileRef = 09EF01131C9DA1A700C8B87E /* main.m */; };
		09EF01171C9DA1A700C8B87E /* AppDelegate.m in Sources */ = {isa = PBXBuildFile; fileRef = 09EF01161C9DA1A700C8B87E /* AppDelegate.m */; };
		09EF011A1C9DA1A700C8B87E /* FeedViewController.m in Sources */ = {isa = PBXBuildFile; fileRef = 09EF01191C9DA1A700C8B87E /* FeedViewController.m */; };
		09EF011D1C9DA1A700C8B87E /* Main.storyboard in Resources */ = {isa = PBXBuildFile; fileRef = 09EF011B1C9DA1A700C8B87E /* Main.storyboard */; };
		09EF011F1C9DA1A700C8B87E /* Assets.xcassets in Resources */ = {isa = PBXBuildFile; fileRef = 09EF011E1C9DA1A700C8B87E /* Assets.xcassets */; };
		09EF01221C9DA1A700C8B87E /* LaunchScreen.storyboard in Resources */ = {isa = PBXBuildFile; fileRef = 09EF01201C9DA1A700C8B87E /* LaunchScreen.storyboard */; };
		09EF012B1C9DA3F600C8B87E /* ApplicationUIContext.m in Sources */ = {isa = PBXBuildFile; fileRef = 09EF012A1C9DA3F600C8B87E /* ApplicationUIContext.m */; };
		09EF012E1C9DA52800C8B87E /* ApplicationColors.m in Sources */ = {isa = PBXBuildFile; fileRef = 09EF012D1C9DA52800C8B87E /* ApplicationColors.m */; };
		09EF01311C9DA8DA00C8B87E /* JankDataAccess.m in Sources */ = {isa = PBXBuildFile; fileRef = 09EF01301C9DA8DA00C8B87E /* JankDataAccess.m */; };
		09EF01341C9DAA1B00C8B87E /* HighlightPackage.m in Sources */ = {isa = PBXBuildFile; fileRef = 09EF01331C9DAA1B00C8B87E /* HighlightPackage.m */; };
		09EF01371C9DAA6D00C8B87E /* HighlightVideo.m in Sources */ = {isa = PBXBuildFile; fileRef = 09EF01361C9DAA6D00C8B87E /* HighlightVideo.m */; };
		09EF013A1C9DAB9100C8B87E /* Favorite.m in Sources */ = {isa = PBXBuildFile; fileRef = 09EF01391C9DAB9100C8B87E /* Favorite.m */; };
		09EF013F1C9DB2BA00C8B87E /* OptionsTableViewController.m in Sources */ = {isa = PBXBuildFile; fileRef = 09EF013D1C9DB2BA00C8B87E /* OptionsTableViewController.m */; };
		09EF01401C9DB2BA00C8B87E /* OptionsTableViewController.xib in Resources */ = {isa = PBXBuildFile; fileRef = 09EF013E1C9DB2BA00C8B87E /* OptionsTableViewController.xib */; };
		09EF01441C9DBCD400C8B87E /* APIClient.m in Sources */ = {isa = PBXBuildFile; fileRef = 09EF01431C9DBCD400C8B87E /* APIClient.m */; };
		09EF01471C9DBCE300C8B87E /* APIRequest.m in Sources */ = {isa = PBXBuildFile; fileRef = 09EF01461C9DBCE300C8B87E /* APIRequest.m */; };
		09EF014A1C9DBCED00C8B87E /* JSONObject.m in Sources */ = {isa = PBXBuildFile; fileRef = 09EF01491C9DBCED00C8B87E /* JSONObject.m */; };
		09EF014D1C9DBED300C8B87E /* SearchResponse.m in Sources */ = {isa = PBXBuildFile; fileRef = 09EF014C1C9DBED300C8B87E /* SearchResponse.m */; };
		09EF01501C9DC61E00C8B87E /* MediaContent.m in Sources */ = {isa = PBXBuildFile; fileRef = 09EF014F1C9DC61E00C8B87E /* MediaContent.m */; };
		09EF01531C9DC6DE00C8B87E /* Thumbnail.m in Sources */ = {isa = PBXBuildFile; fileRef = 09EF01521C9DC6DE00C8B87E /* Thumbnail.m */; };
		09EF01561C9DCE1D00C8B87E /* XMLParser.m in Sources */ = {isa = PBXBuildFile; fileRef = 09EF01551C9DCE1D00C8B87E /* XMLParser.m */; };
		09EF015A1C9DCFB900C8B87E /* VideoMetaData.m in Sources */ = {isa = PBXBuildFile; fileRef = 09EF01591C9DCFB900C8B87E /* VideoMetaData.m */; };
		09EF015D1C9DD6CF00C8B87E /* VideoPlayer.m in Sources */ = {isa = PBXBuildFile; fileRef = 09EF015C1C9DD6CF00C8B87E /* VideoPlayer.m */; };
		09EF01601C9DE1CB00C8B87E /* PickTeamViewController.m in Sources */ = {isa = PBXBuildFile; fileRef = 09EF015F1C9DE1CB00C8B87E /* PickTeamViewController.m */; };
		09EF01631C9DE34B00C8B87E /* TeamsResponse.m in Sources */ = {isa = PBXBuildFile; fileRef = 09EF01621C9DE34B00C8B87E /* TeamsResponse.m */; };
		09EF01661C9DE35A00C8B87E /* TeamAll.m in Sources */ = {isa = PBXBuildFile; fileRef = 09EF01651C9DE35A00C8B87E /* TeamAll.m */; };
		09EF01691C9DE38F00C8B87E /* Team.m in Sources */ = {isa = PBXBuildFile; fileRef = 09EF01681C9DE38F00C8B87E /* Team.m */; };
		09EF016C1C9DE43300C8B87E /* TeamQueryResults.m in Sources */ = {isa = PBXBuildFile; fileRef = 09EF016B1C9DE43300C8B87E /* TeamQueryResults.m */; };
		09EF016F1C9DEB0400C8B87E /* PickPlayTypeViewController.m in Sources */ = {isa = PBXBuildFile; fileRef = 09EF016E1C9DEB0400C8B87E /* PickPlayTypeViewController.m */; };
		4D937F4787D5255B525CFBF0 /* bigbluefly-logo@2x.png in Resources */ = {isa = PBXBuildFile; fileRef = 4D93764BF29A98BB5FD1FDE5 /* bigbluefly-logo@2x.png */; };
/* End PBXBuildFile section */

/* Begin PBXFileReference section */
		09EF010F1C9DA1A700C8B87E /* CustomMLBHighlights.app */ = {isa = PBXFileReference; explicitFileType = wrapper.application; includeInIndex = 0; path = CustomMLBHighlights.app; sourceTree = BUILT_PRODUCTS_DIR; };
		09EF01131C9DA1A700C8B87E /* main.m */ = {isa = PBXFileReference; lastKnownFileType = sourcecode.c.objc; path = main.m; sourceTree = "<group>"; };
		09EF01151C9DA1A700C8B87E /* AppDelegate.h */ = {isa = PBXFileReference; lastKnownFileType = sourcecode.c.h; path = AppDelegate.h; sourceTree = "<group>"; };
		09EF01161C9DA1A700C8B87E /* AppDelegate.m */ = {isa = PBXFileReference; lastKnownFileType = sourcecode.c.objc; path = AppDelegate.m; sourceTree = "<group>"; };
		09EF01181C9DA1A700C8B87E /* FeedViewController.h */ = {isa = PBXFileReference; lastKnownFileType = sourcecode.c.h; path = FeedViewController.h; sourceTree = "<group>"; };
		09EF01191C9DA1A700C8B87E /* FeedViewController.m */ = {isa = PBXFileReference; lastKnownFileType = sourcecode.c.objc; path = FeedViewController.m; sourceTree = "<group>"; };
		09EF011C1C9DA1A700C8B87E /* Base */ = {isa = PBXFileReference; lastKnownFileType = file.storyboard; name = Base; path = Base.lproj/Main.storyboard; sourceTree = "<group>"; };
		09EF011E1C9DA1A700C8B87E /* Assets.xcassets */ = {isa = PBXFileReference; lastKnownFileType = folder.assetcatalog; path = Assets.xcassets; sourceTree = "<group>"; };
		09EF01211C9DA1A700C8B87E /* Base */ = {isa = PBXFileReference; lastKnownFileType = file.storyboard; name = Base; path = Base.lproj/LaunchScreen.storyboard; sourceTree = "<group>"; };
		09EF01231C9DA1A700C8B87E /* Info.plist */ = {isa = PBXFileReference; lastKnownFileType = text.plist.xml; path = Info.plist; sourceTree = "<group>"; };
		09EF01291C9DA3F600C8B87E /* ApplicationUIContext.h */ = {isa = PBXFileReference; fileEncoding = 4; lastKnownFileType = sourcecode.c.h; path = ApplicationUIContext.h; sourceTree = "<group>"; };
		09EF012A1C9DA3F600C8B87E /* ApplicationUIContext.m */ = {isa = PBXFileReference; fileEncoding = 4; lastKnownFileType = sourcecode.c.objc; path = ApplicationUIContext.m; sourceTree = "<group>"; };
		09EF012C1C9DA52800C8B87E /* ApplicationColors.h */ = {isa = PBXFileReference; fileEncoding = 4; lastKnownFileType = sourcecode.c.h; path = ApplicationColors.h; sourceTree = "<group>"; };
		09EF012D1C9DA52800C8B87E /* ApplicationColors.m */ = {isa = PBXFileReference; fileEncoding = 4; lastKnownFileType = sourcecode.c.objc; path = ApplicationColors.m; sourceTree = "<group>"; };
		09EF012F1C9DA8DA00C8B87E /* JankDataAccess.h */ = {isa = PBXFileReference; fileEncoding = 4; lastKnownFileType = sourcecode.c.h; path = JankDataAccess.h; sourceTree = "<group>"; };
		09EF01301C9DA8DA00C8B87E /* JankDataAccess.m */ = {isa = PBXFileReference; fileEncoding = 4; lastKnownFileType = sourcecode.c.objc; path = JankDataAccess.m; sourceTree = "<group>"; };
		09EF01321C9DAA1B00C8B87E /* HighlightPackage.h */ = {isa = PBXFileReference; fileEncoding = 4; lastKnownFileType = sourcecode.c.h; path = HighlightPackage.h; sourceTree = "<group>"; };
		09EF01331C9DAA1B00C8B87E /* HighlightPackage.m */ = {isa = PBXFileReference; fileEncoding = 4; lastKnownFileType = sourcecode.c.objc; path = HighlightPackage.m; sourceTree = "<group>"; };
		09EF01351C9DAA6D00C8B87E /* HighlightVideo.h */ = {isa = PBXFileReference; fileEncoding = 4; lastKnownFileType = sourcecode.c.h; path = HighlightVideo.h; sourceTree = "<group>"; };
		09EF01361C9DAA6D00C8B87E /* HighlightVideo.m */ = {isa = PBXFileReference; fileEncoding = 4; lastKnownFileType = sourcecode.c.objc; path = HighlightVideo.m; sourceTree = "<group>"; };
		09EF01381C9DAB9100C8B87E /* Favorite.h */ = {isa = PBXFileReference; fileEncoding = 4; lastKnownFileType = sourcecode.c.h; path = Favorite.h; sourceTree = "<group>"; };
		09EF01391C9DAB9100C8B87E /* Favorite.m */ = {isa = PBXFileReference; fileEncoding = 4; lastKnownFileType = sourcecode.c.objc; path = Favorite.m; sourceTree = "<group>"; };
		09EF013C1C9DB2BA00C8B87E /* OptionsTableViewController.h */ = {isa = PBXFileReference; fileEncoding = 4; lastKnownFileType = sourcecode.c.h; path = OptionsTableViewController.h; sourceTree = "<group>"; };
		09EF013D1C9DB2BA00C8B87E /* OptionsTableViewController.m */ = {isa = PBXFileReference; fileEncoding = 4; lastKnownFileType = sourcecode.c.objc; path = OptionsTableViewController.m; sourceTree = "<group>"; };
		09EF013E1C9DB2BA00C8B87E /* OptionsTableViewController.xib */ = {isa = PBXFileReference; fileEncoding = 4; lastKnownFileType = file.xib; path = OptionsTableViewController.xib; sourceTree = "<group>"; };
		09EF01421C9DBCD400C8B87E /* APIClient.h */ = {isa = PBXFileReference; fileEncoding = 4; lastKnownFileType = sourcecode.c.h; path = APIClient.h; sourceTree = "<group>"; };
		09EF01431C9DBCD400C8B87E /* APIClient.m */ = {isa = PBXFileReference; fileEncoding = 4; lastKnownFileType = sourcecode.c.objc; path = APIClient.m; sourceTree = "<group>"; };
		09EF01451C9DBCE300C8B87E /* APIRequest.h */ = {isa = PBXFileReference; fileEncoding = 4; lastKnownFileType = sourcecode.c.h; path = APIRequest.h; sourceTree = "<group>"; };
		09EF01461C9DBCE300C8B87E /* APIRequest.m */ = {isa = PBXFileReference; fileEncoding = 4; lastKnownFileType = sourcecode.c.objc; path = APIRequest.m; sourceTree = "<group>"; };
		09EF01481C9DBCED00C8B87E /* JSONObject.h */ = {isa = PBXFileReference; fileEncoding = 4; lastKnownFileType = sourcecode.c.h; path = JSONObject.h; sourceTree = "<group>"; };
		09EF01491C9DBCED00C8B87E /* JSONObject.m */ = {isa = PBXFileReference; fileEncoding = 4; lastKnownFileType = sourcecode.c.objc; path = JSONObject.m; sourceTree = "<group>"; };
		09EF014B1C9DBED300C8B87E /* SearchResponse.h */ = {isa = PBXFileReference; fileEncoding = 4; lastKnownFileType = sourcecode.c.h; path = SearchResponse.h; sourceTree = "<group>"; };
		09EF014C1C9DBED300C8B87E /* SearchResponse.m */ = {isa = PBXFileReference; fileEncoding = 4; lastKnownFileType = sourcecode.c.objc; path = SearchResponse.m; sourceTree = "<group>"; };
		09EF014E1C9DC61E00C8B87E /* MediaContent.h */ = {isa = PBXFileReference; fileEncoding = 4; lastKnownFileType = sourcecode.c.h; path = MediaContent.h; sourceTree = "<group>"; };
		09EF014F1C9DC61E00C8B87E /* MediaContent.m */ = {isa = PBXFileReference; fileEncoding = 4; lastKnownFileType = sourcecode.c.objc; path = MediaContent.m; sourceTree = "<group>"; };
		09EF01511C9DC6DE00C8B87E /* Thumbnail.h */ = {isa = PBXFileReference; fileEncoding = 4; lastKnownFileType = sourcecode.c.h; path = Thumbnail.h; sourceTree = "<group>"; };
		09EF01521C9DC6DE00C8B87E /* Thumbnail.m */ = {isa = PBXFileReference; fileEncoding = 4; lastKnownFileType = sourcecode.c.objc; path = Thumbnail.m; sourceTree = "<group>"; };
		09EF01541C9DCE1D00C8B87E /* XMLParser.h */ = {isa = PBXFileReference; fileEncoding = 4; lastKnownFileType = sourcecode.c.h; path = XMLParser.h; sourceTree = "<group>"; };
		09EF01551C9DCE1D00C8B87E /* XMLParser.m */ = {isa = PBXFileReference; fileEncoding = 4; lastKnownFileType = sourcecode.c.objc; path = XMLParser.m; sourceTree = "<group>"; };
		09EF01571C9DCF9A00C8B87E /* XMLData.h */ = {isa = PBXFileReference; fileEncoding = 4; lastKnownFileType = sourcecode.c.h; path = XMLData.h; sourceTree = "<group>"; };
		09EF01581C9DCFB900C8B87E /* VideoMetaData.h */ = {isa = PBXFileReference; fileEncoding = 4; lastKnownFileType = sourcecode.c.h; path = VideoMetaData.h; sourceTree = "<group>"; };
		09EF01591C9DCFB900C8B87E /* VideoMetaData.m */ = {isa = PBXFileReference; fileEncoding = 4; lastKnownFileType = sourcecode.c.objc; path = VideoMetaData.m; sourceTree = "<group>"; };
		09EF015B1C9DD6CF00C8B87E /* VideoPlayer.h */ = {isa = PBXFileReference; fileEncoding = 4; lastKnownFileType = sourcecode.c.h; path = VideoPlayer.h; sourceTree = "<group>"; };
		09EF015C1C9DD6CF00C8B87E /* VideoPlayer.m */ = {isa = PBXFileReference; fileEncoding = 4; lastKnownFileType = sourcecode.c.objc; path = VideoPlayer.m; sourceTree = "<group>"; };
		09EF015E1C9DE1CB00C8B87E /* PickTeamViewController.h */ = {isa = PBXFileReference; fileEncoding = 4; lastKnownFileType = sourcecode.c.h; path = PickTeamViewController.h; sourceTree = "<group>"; };
		09EF015F1C9DE1CB00C8B87E /* PickTeamViewController.m */ = {isa = PBXFileReference; fileEncoding = 4; lastKnownFileType = sourcecode.c.objc; path = PickTeamViewController.m; sourceTree = "<group>"; };
		09EF01611C9DE34B00C8B87E /* TeamsResponse.h */ = {isa = PBXFileReference; fileEncoding = 4; lastKnownFileType = sourcecode.c.h; path = TeamsResponse.h; sourceTree = "<group>"; };
		09EF01621C9DE34B00C8B87E /* TeamsResponse.m */ = {isa = PBXFileReference; fileEncoding = 4; lastKnownFileType = sourcecode.c.objc; path = TeamsResponse.m; sourceTree = "<group>"; };
		09EF01641C9DE35A00C8B87E /* TeamAll.h */ = {isa = PBXFileReference; fileEncoding = 4; lastKnownFileType = sourcecode.c.h; path = TeamAll.h; sourceTree = "<group>"; };
		09EF01651C9DE35A00C8B87E /* TeamAll.m */ = {isa = PBXFileReference; fileEncoding = 4; lastKnownFileType = sourcecode.c.objc; path = TeamAll.m; sourceTree = "<group>"; };
		09EF01671C9DE38F00C8B87E /* Team.h */ = {isa = PBXFileReference; fileEncoding = 4; lastKnownFileType = sourcecode.c.h; path = Team.h; sourceTree = "<group>"; };
		09EF01681C9DE38F00C8B87E /* Team.m */ = {isa = PBXFileReference; fileEncoding = 4; lastKnownFileType = sourcecode.c.objc; path = Team.m; sourceTree = "<group>"; };
		09EF016A1C9DE43300C8B87E /* TeamQueryResults.h */ = {isa = PBXFileReference; fileEncoding = 4; lastKnownFileType = sourcecode.c.h; path = TeamQueryResults.h; sourceTree = "<group>"; };
		09EF016B1C9DE43300C8B87E /* TeamQueryResults.m */ = {isa = PBXFileReference; fileEncoding = 4; lastKnownFileType = sourcecode.c.objc; path = TeamQueryResults.m; sourceTree = "<group>"; };
		09EF016D1C9DEB0400C8B87E /* PickPlayTypeViewController.h */ = {isa = PBXFileReference; fileEncoding = 4; lastKnownFileType = sourcecode.c.h; path = PickPlayTypeViewController.h; sourceTree = "<group>"; };
		09EF016E1C9DEB0400C8B87E /* PickPlayTypeViewController.m */ = {isa = PBXFileReference; fileEncoding = 4; lastKnownFileType = sourcecode.c.objc; path = PickPlayTypeViewController.m; sourceTree = "<group>"; };
		4D93764BF29A98BB5FD1FDE5 /* bigbluefly-logo@2x.png */ = {isa = PBXFileReference; lastKnownFileType = image.png; path = "bigbluefly-logo@2x.png"; sourceTree = "<group>"; };
/* End PBXFileReference section */

/* Begin PBXFrameworksBuildPhase section */
		09EF010C1C9DA1A700C8B87E /* Frameworks */ = {
			isa = PBXFrameworksBuildPhase;
			buildActionMask = 2147483647;
			files = (
			);
			runOnlyForDeploymentPostprocessing = 0;
		};
/* End PBXFrameworksBuildPhase section */

/* Begin PBXGroup section */
		09EF01061C9DA1A700C8B87E = {
			isa = PBXGroup;
			children = (
				09EF01111C9DA1A700C8B87E /* CustomMLBHighlights */,
				09EF01101C9DA1A700C8B87E /* Products */,
			);
			sourceTree = "<group>";
		};
		09EF01101C9DA1A700C8B87E /* Products */ = {
			isa = PBXGroup;
			children = (
				09EF010F1C9DA1A700C8B87E /* CustomMLBHighlights.app */,
			);
			name = Products;
			sourceTree = "<group>";
		};
		09EF01111C9DA1A700C8B87E /* CustomMLBHighlights */ = {
			isa = PBXGroup;
			children = (
				09EF01411C9DBCBD00C8B87E /* API */,
				09EF013B1C9DABDD00C8B87E /* Objects */,
				09EF012F1C9DA8DA00C8B87E /* JankDataAccess.h */,
				09EF01301C9DA8DA00C8B87E /* JankDataAccess.m */,
				09EF01291C9DA3F600C8B87E /* ApplicationUIContext.h */,
				09EF012A1C9DA3F600C8B87E /* ApplicationUIContext.m */,
				09EF012C1C9DA52800C8B87E /* ApplicationColors.h */,
				09EF012D1C9DA52800C8B87E /* ApplicationColors.m */,
				09EF01151C9DA1A700C8B87E /* AppDelegate.h */,
				09EF01161C9DA1A700C8B87E /* AppDelegate.m */,
				09EF01181C9DA1A700C8B87E /* FeedViewController.h */,
				09EF01191C9DA1A700C8B87E /* FeedViewController.m */,
				09EF011B1C9DA1A700C8B87E /* Main.storyboard */,
				09EF011E1C9DA1A700C8B87E /* Assets.xcassets */,
				09EF01201C9DA1A700C8B87E /* LaunchScreen.storyboard */,
				09EF01231C9DA1A700C8B87E /* Info.plist */,
				09EF01121C9DA1A700C8B87E /* Supporting Files */,
				09EF013C1C9DB2BA00C8B87E /* OptionsTableViewController.h */,
				09EF013D1C9DB2BA00C8B87E /* OptionsTableViewController.m */,
				09EF013E1C9DB2BA00C8B87E /* OptionsTableViewController.xib */,
				09EF015B1C9DD6CF00C8B87E /* VideoPlayer.h */,
				09EF015C1C9DD6CF00C8B87E /* VideoPlayer.m */,
				09EF015E1C9DE1CB00C8B87E /* PickTeamViewController.h */,
				09EF015F1C9DE1CB00C8B87E /* PickTeamViewController.m */,
				09EF016D1C9DEB0400C8B87E /* PickPlayTypeViewController.h */,
				09EF016E1C9DEB0400C8B87E /* PickPlayTypeViewController.m */,
				4D93764BF29A98BB5FD1FDE5 /* bigbluefly-logo@2x.png */,
			);
			path = CustomMLBHighlights;
			sourceTree = "<group>";
		};
		09EF01121C9DA1A700C8B87E /* Supporting Files */ = {
			isa = PBXGroup;
			children = (
				09EF01131C9DA1A700C8B87E /* main.m */,
			);
			name = "Supporting Files";
			sourceTree = "<group>";
		};
		09EF013B1C9DABDD00C8B87E /* Objects */ = {
			isa = PBXGroup;
			children = (
				09EF01321C9DAA1B00C8B87E /* HighlightPackage.h */,
				09EF01331C9DAA1B00C8B87E /* HighlightPackage.m */,
				09EF01351C9DAA6D00C8B87E /* HighlightVideo.h */,
				09EF01361C9DAA6D00C8B87E /* HighlightVideo.m */,
				09EF01381C9DAB9100C8B87E /* Favorite.h */,
				09EF01391C9DAB9100C8B87E /* Favorite.m */,
			);
			name = Objects;
			sourceTree = "<group>";
		};
		09EF01411C9DBCBD00C8B87E /* API */ = {
			isa = PBXGroup;
			children = (
				09EF01421C9DBCD400C8B87E /* APIClient.h */,
				09EF01431C9DBCD400C8B87E /* APIClient.m */,
				09EF01451C9DBCE300C8B87E /* APIRequest.h */,
				09EF01461C9DBCE300C8B87E /* APIRequest.m */,
				09EF01481C9DBCED00C8B87E /* JSONObject.h */,
				09EF01491C9DBCED00C8B87E /* JSONObject.m */,
				09EF014B1C9DBED300C8B87E /* SearchResponse.h */,
				09EF014C1C9DBED300C8B87E /* SearchResponse.m */,
				09EF014E1C9DC61E00C8B87E /* MediaContent.h */,
				09EF014F1C9DC61E00C8B87E /* MediaContent.m */,
				09EF01511C9DC6DE00C8B87E /* Thumbnail.h */,
				09EF01521C9DC6DE00C8B87E /* Thumbnail.m */,
				09EF01541C9DCE1D00C8B87E /* XMLParser.h */,
				09EF01551C9DCE1D00C8B87E /* XMLParser.m */,
				09EF01571C9DCF9A00C8B87E /* XMLData.h */,
				09EF01581C9DCFB900C8B87E /* VideoMetaData.h */,
				09EF01591C9DCFB900C8B87E /* VideoMetaData.m */,
				09EF01611C9DE34B00C8B87E /* TeamsResponse.h */,
				09EF01621C9DE34B00C8B87E /* TeamsResponse.m */,
				09EF01641C9DE35A00C8B87E /* TeamAll.h */,
				09EF01651C9DE35A00C8B87E /* TeamAll.m */,
				09EF016A1C9DE43300C8B87E /* TeamQueryResults.h */,
				09EF016B1C9DE43300C8B87E /* TeamQueryResults.m */,
				09EF01671C9DE38F00C8B87E /* Team.h */,
				09EF01681C9DE38F00C8B87E /* Team.m */,
			);
			name = API;
			sourceTree = "<group>";
		};
/* End PBXGroup section */

/* Begin PBXNativeTarget section */
		09EF010E1C9DA1A700C8B87E /* CustomMLBHighlights */ = {
			isa = PBXNativeTarget;
			buildConfigurationList = 09EF01261C9DA1A700C8B87E /* Build configuration list for PBXNativeTarget "CustomMLBHighlights" */;
			buildPhases = (
				09EF010B1C9DA1A700C8B87E /* Sources */,
				09EF010C1C9DA1A700C8B87E /* Frameworks */,
				09EF010D1C9DA1A700C8B87E /* Resources */,
			);
			buildRules = (
			);
			dependencies = (
			);
			name = CustomMLBHighlights;
			productName = CustomMLBHighlights;
			productReference = 09EF010F1C9DA1A700C8B87E /* CustomMLBHighlights.app */;
			productType = "com.apple.product-type.application";
		};
/* End PBXNativeTarget section */

/* Begin PBXProject section */
		09EF01071C9DA1A700C8B87E /* Project object */ = {
			isa = PBXProject;
			attributes = {
				LastUpgradeCheck = 0720;
				ORGANIZATIONNAME = BaseballHackDay;
				TargetAttributes = {
					09EF010E1C9DA1A700C8B87E = {
						CreatedOnToolsVersion = 7.2.1;
					};
				};
			};
			buildConfigurationList = 09EF010A1C9DA1A700C8B87E /* Build configuration list for PBXProject "CustomMLBHighlights" */;
			compatibilityVersion = "Xcode 3.2";
			developmentRegion = English;
			hasScannedForEncodings = 0;
			knownRegions = (
				en,
				Base,
			);
			mainGroup = 09EF01061C9DA1A700C8B87E;
			productRefGroup = 09EF01101C9DA1A700C8B87E /* Products */;
			projectDirPath = "";
			projectRoot = "";
			targets = (
				09EF010E1C9DA1A700C8B87E /* CustomMLBHighlights */,
			);
		};
/* End PBXProject section */

/* Begin PBXResourcesBuildPhase section */
		09EF010D1C9DA1A700C8B87E /* Resources */ = {
			isa = PBXResourcesBuildPhase;
			buildActionMask = 2147483647;
			files = (
				09EF01221C9DA1A700C8B87E /* LaunchScreen.storyboard in Resources */,
				09EF011F1C9DA1A700C8B87E /* Assets.xcassets in Resources */,
				09EF01401C9DB2BA00C8B87E /* OptionsTableViewController.xib in Resources */,
				09EF011D1C9DA1A700C8B87E /* Main.storyboard in Resources */,
				4D937F4787D5255B525CFBF0 /* bigbluefly-logo@2x.png in Resources */,
			);
			runOnlyForDeploymentPostprocessing = 0;
		};
/* End PBXResourcesBuildPhase section */

/* Begin PBXSourcesBuildPhase section */
		09EF010B1C9DA1A700C8B87E /* Sources */ = {
			isa = PBXSourcesBuildPhase;
			buildActionMask = 2147483647;
			files = (
				09EF014D1C9DBED300C8B87E /* SearchResponse.m in Sources */,
				09EF01501C9DC61E00C8B87E /* MediaContent.m in Sources */,
				09EF01561C9DCE1D00C8B87E /* XMLParser.m in Sources */,
				09EF012E1C9DA52800C8B87E /* ApplicationColors.m in Sources */,
				09EF016C1C9DE43300C8B87E /* TeamQueryResults.m in Sources */,
				09EF016F1C9DEB0400C8B87E /* PickPlayTypeViewController.m in Sources */,
				09EF01601C9DE1CB00C8B87E /* PickTeamViewController.m in Sources */,
				09EF012B1C9DA3F600C8B87E /* ApplicationUIContext.m in Sources */,
				09EF01471C9DBCE300C8B87E /* APIRequest.m in Sources */,
				09EF01631C9DE34B00C8B87E /* TeamsResponse.m in Sources */,
				09EF01691C9DE38F00C8B87E /* Team.m in Sources */,
				09EF01371C9DAA6D00C8B87E /* HighlightVideo.m in Sources */,
				09EF011A1C9DA1A700C8B87E /* FeedViewController.m in Sources */,
				09EF013F1C9DB2BA00C8B87E /* OptionsTableViewController.m in Sources */,
				09EF01441C9DBCD400C8B87E /* APIClient.m in Sources */,
				09EF015A1C9DCFB900C8B87E /* VideoMetaData.m in Sources */,
				09EF014A1C9DBCED00C8B87E /* JSONObject.m in Sources */,
				09EF01531C9DC6DE00C8B87E /* Thumbnail.m in Sources */,
				09EF015D1C9DD6CF00C8B87E /* VideoPlayer.m in Sources */,
				09EF01661C9DE35A00C8B87E /* TeamAll.m in Sources */,
				09EF01311C9DA8DA00C8B87E /* JankDataAccess.m in Sources */,
				09EF01171C9DA1A700C8B87E /* AppDelegate.m in Sources */,
				09EF013A1C9DAB9100C8B87E /* Favorite.m in Sources */,
				09EF01141C9DA1A700C8B87E /* main.m in Sources */,
				09EF01341C9DAA1B00C8B87E /* HighlightPackage.m in Sources */,
			);
			runOnlyForDeploymentPostprocessing = 0;
		};
/* End PBXSourcesBuildPhase section */

/* Begin PBXVariantGroup section */
		09EF011B1C9DA1A700C8B87E /* Main.storyboard */ = {
			isa = PBXVariantGroup;
			children = (
				09EF011C1C9DA1A700C8B87E /* Base */,
			);
			name = Main.storyboard;
			sourceTree = "<group>";
		};
		09EF01201C9DA1A700C8B87E /* LaunchScreen.storyboard */ = {
			isa = PBXVariantGroup;
			children = (
				09EF01211C9DA1A700C8B87E /* Base */,
			);
			name = LaunchScreen.storyboard;
			sourceTree = "<group>";
		};
/* End PBXVariantGroup section */

/* Begin XCBuildConfiguration section */
		09EF01241C9DA1A700C8B87E /* Debug */ = {
			isa = XCBuildConfiguration;
			buildSettings = {
				ALWAYS_SEARCH_USER_PATHS = NO;
				CLANG_CXX_LANGUAGE_STANDARD = "gnu++0x";
				CLANG_CXX_LIBRARY = "libc++";
				CLANG_ENABLE_MODULES = YES;
				CLANG_ENABLE_OBJC_ARC = YES;
				CLANG_WARN_BOOL_CONVERSION = YES;
				CLANG_WARN_CONSTANT_CONVERSION = YES;
				CLANG_WARN_DIRECT_OBJC_ISA_USAGE = YES_ERROR;
				CLANG_WARN_EMPTY_BODY = YES;
				CLANG_WARN_ENUM_CONVERSION = YES;
				CLANG_WARN_INT_CONVERSION = YES;
				CLANG_WARN_OBJC_ROOT_CLASS = YES_ERROR;
				CLANG_WARN_UNREACHABLE_CODE = YES;
				CLANG_WARN__DUPLICATE_METHOD_MATCH = YES;
				"CODE_SIGN_IDENTITY[sdk=iphoneos*]" = "iPhone Developer";
				COPY_PHASE_STRIP = NO;
				DEBUG_INFORMATION_FORMAT = dwarf;
				ENABLE_STRICT_OBJC_MSGSEND = YES;
				ENABLE_TESTABILITY = YES;
				GCC_C_LANGUAGE_STANDARD = gnu99;
				GCC_DYNAMIC_NO_PIC = NO;
				GCC_NO_COMMON_BLOCKS = YES;
				GCC_OPTIMIZATION_LEVEL = 0;
				GCC_PREPROCESSOR_DEFINITIONS = (
					"DEBUG=1",
					"$(inherited)",
				);
				GCC_WARN_64_TO_32_BIT_CONVERSION = YES;
				GCC_WARN_ABOUT_RETURN_TYPE = YES_ERROR;
				GCC_WARN_UNDECLARED_SELECTOR = YES;
				GCC_WARN_UNINITIALIZED_AUTOS = YES_AGGRESSIVE;
				GCC_WARN_UNUSED_FUNCTION = YES;
				GCC_WARN_UNUSED_VARIABLE = YES;
				IPHONEOS_DEPLOYMENT_TARGET = 9.2;
				MTL_ENABLE_DEBUG_INFO = YES;
				ONLY_ACTIVE_ARCH = YES;
				SDKROOT = iphoneos;
			};
			name = Debug;
		};
		09EF01251C9DA1A700C8B87E /* Release */ = {
			isa = XCBuildConfiguration;
			buildSettings = {
				ALWAYS_SEARCH_USER_PATHS = NO;
				CLANG_CXX_LANGUAGE_STANDARD = "gnu++0x";
				CLANG_CXX_LIBRARY = "libc++";
				CLANG_ENABLE_MODULES = YES;
				CLANG_ENABLE_OBJC_ARC = YES;
				CLANG_WARN_BOOL_CONVERSION = YES;
				CLANG_WARN_CONSTANT_CONVERSION = YES;
				CLANG_WARN_DIRECT_OBJC_ISA_USAGE = YES_ERROR;
				CLANG_WARN_EMPTY_BODY = YES;
				CLANG_WARN_ENUM_CONVERSION = YES;
				CLANG_WARN_INT_CONVERSION = YES;
				CLANG_WARN_OBJC_ROOT_CLASS = YES_ERROR;
				CLANG_WARN_UNREACHABLE_CODE = YES;
				CLANG_WARN__DUPLICATE_METHOD_MATCH = YES;
				"CODE_SIGN_IDENTITY[sdk=iphoneos*]" = "iPhone Developer";
				COPY_PHASE_STRIP = NO;
				DEBUG_INFORMATION_FORMAT = "dwarf-with-dsym";
				ENABLE_NS_ASSERTIONS = NO;
				ENABLE_STRICT_OBJC_MSGSEND = YES;
				GCC_C_LANGUAGE_STANDARD = gnu99;
				GCC_NO_COMMON_BLOCKS = YES;
				GCC_WARN_64_TO_32_BIT_CONVERSION = YES;
				GCC_WARN_ABOUT_RETURN_TYPE = YES_ERROR;
				GCC_WARN_UNDECLARED_SELECTOR = YES;
				GCC_WARN_UNINITIALIZED_AUTOS = YES_AGGRESSIVE;
				GCC_WARN_UNUSED_FUNCTION = YES;
				GCC_WARN_UNUSED_VARIABLE = YES;
				IPHONEOS_DEPLOYMENT_TARGET = 9.2;
				MTL_ENABLE_DEBUG_INFO = NO;
				SDKROOT = iphoneos;
				VALIDATE_PRODUCT = YES;
			};
			name = Release;
		};
		09EF01271C9DA1A700C8B87E /* Debug */ = {
			isa = XCBuildConfiguration;
			buildSettings = {
				ASSETCATALOG_COMPILER_APPICON_NAME = AppIcon;
				INFOPLIST_FILE = CustomMLBHighlights/Info.plist;
				LD_RUNPATH_SEARCH_PATHS = "$(inherited) @executable_path/Frameworks";
				PRODUCT_BUNDLE_IDENTIFIER = com.baseballhackday.CustomMLBHighlights;
				PRODUCT_NAME = "$(TARGET_NAME)";
				TARGETED_DEVICE_FAMILY = "1,2";
			};
			name = Debug;
		};
		09EF01281C9DA1A700C8B87E /* Release */ = {
			isa = XCBuildConfiguration;
			buildSettings = {
				ASSETCATALOG_COMPILER_APPICON_NAME = AppIcon;
				INFOPLIST_FILE = CustomMLBHighlights/Info.plist;
				LD_RUNPATH_SEARCH_PATHS = "$(inherited) @executable_path/Frameworks";
				PRODUCT_BUNDLE_IDENTIFIER = com.baseballhackday.CustomMLBHighlights;
				PRODUCT_NAME = "$(TARGET_NAME)";
				TARGETED_DEVICE_FAMILY = "1,2";
			};
			name = Release;
		};
/* End XCBuildConfiguration section */

/* Begin XCConfigurationList section */
		09EF010A1C9DA1A700C8B87E /* Build configuration list for PBXProject "CustomMLBHighlights" */ = {
			isa = XCConfigurationList;
			buildConfigurations = (
				09EF01241C9DA1A700C8B87E /* Debug */,
				09EF01251C9DA1A700C8B87E /* Release */,
			);
			defaultConfigurationIsVisible = 0;
			defaultConfigurationName = Release;
		};
		09EF01261C9DA1A700C8B87E /* Build configuration list for PBXNativeTarget "CustomMLBHighlights" */ = {
			isa = XCConfigurationList;
			buildConfigurations = (
				09EF01271C9DA1A700C8B87E /* Debug */,
				09EF01281C9DA1A700C8B87E /* Release */,
			);
			defaultConfigurationIsVisible = 0;
			defaultConfigurationName = Release;
		};
/* End XCConfigurationList section */
	};
	rootObject = 09EF01071C9DA1A700C8B87E /* Project object */;
}
